// !$*UTF8*$!
{
	archiveVersion = 1;
	classes = {
	};
	objectVersion = 56;
	objects = {

/* Begin PBXBuildFile section */
		FAE68834294C9A7200888B48 /* NavigationListApp.swift in Sources */ = {isa = PBXBuildFile; fileRef = FAE68833294C9A7200888B48 /* NavigationListApp.swift */; };
		FAE68836294C9A7200888B48 /* ContentView.swift in Sources */ = {isa = PBXBuildFile; fileRef = FAE68835294C9A7200888B48 /* ContentView.swift */; };
		FAE68838294C9A7400888B48 /* Assets.xcassets in Resources */ = {isa = PBXBuildFile; fileRef = FAE68837294C9A7400888B48 /* Assets.xcassets */; };
		FAE6883B294C9A7400888B48 /* Preview Assets.xcassets in Resources */ = {isa = PBXBuildFile; fileRef = FAE6883A294C9A7400888B48 /* Preview Assets.xcassets */; };
		FAE68845294C9A7400888B48 /* NavigationListTests.swift in Sources */ = {isa = PBXBuildFile; fileRef = FAE68844294C9A7400888B48 /* NavigationListTests.swift */; };
		FAE6884F294C9A7400888B48 /* NavigationListUITests.swift in Sources */ = {isa = PBXBuildFile; fileRef = FAE6884E294C9A7400888B48 /* NavigationListUITests.swift */; };
		FAE68851294C9A7400888B48 /* NavigationListUITestsLaunchTests.swift in Sources */ = {isa = PBXBuildFile; fileRef = FAE68850294C9A7400888B48 /* NavigationListUITestsLaunchTests.swift */; };
/* End PBXBuildFile section */

/* Begin PBXContainerItemProxy section */
		FAE68841294C9A7400888B48 /* PBXContainerItemProxy */ = {
			isa = PBXContainerItemProxy;
			containerPortal = FAE68828294C9A7200888B48 /* Project object */;
			proxyType = 1;
			remoteGlobalIDString = FAE6882F294C9A7200888B48;
			remoteInfo = NavigationList;
		};
		FAE6884B294C9A7400888B48 /* PBXContainerItemProxy */ = {
			isa = PBXContainerItemProxy;
			containerPortal = FAE68828294C9A7200888B48 /* Project object */;
			proxyType = 1;
			remoteGlobalIDString = FAE6882F294C9A7200888B48;
			remoteInfo = NavigationList;
		};
/* End PBXContainerItemProxy section */

/* Begin PBXFileReference section */
		FAE68830294C9A7200888B48 /* NavigationList.app */ = {isa = PBXFileReference; explicitFileType = wrapper.application; includeInIndex = 0; path = NavigationList.app; sourceTree = BUILT_PRODUCTS_DIR; };
		FAE68833294C9A7200888B48 /* NavigationListApp.swift */ = {isa = PBXFileReference; lastKnownFileType = sourcecode.swift; path = NavigationListApp.swift; sourceTree = "<group>"; };
		FAE68835294C9A7200888B48 /* ContentView.swift */ = {isa = PBXFileReference; lastKnownFileType = sourcecode.swift; path = ContentView.swift; sourceTree = "<group>"; };
		FAE68837294C9A7400888B48 /* Assets.xcassets */ = {isa = PBXFileReference; lastKnownFileType = folder.assetcatalog; path = Assets.xcassets; sourceTree = "<group>"; };
		FAE6883A294C9A7400888B48 /* Preview Assets.xcassets */ = {isa = PBXFileReference; lastKnownFileType = folder.assetcatalog; path = "Preview Assets.xcassets"; sourceTree = "<group>"; };
		FAE68840294C9A7400888B48 /* NavigationListTests.xctest */ = {isa = PBXFileReference; explicitFileType = wrapper.cfbundle; includeInIndex = 0; path = NavigationListTests.xctest; sourceTree = BUILT_PRODUCTS_DIR; };
		FAE68844294C9A7400888B48 /* NavigationListTests.swift */ = {isa = PBXFileReference; lastKnownFileType = sourcecode.swift; path = NavigationListTests.swift; sourceTree = "<group>"; };
		FAE6884A294C9A7400888B48 /* NavigationListUITests.xctest */ = {isa = PBXFileReference; explicitFileType = wrapper.cfbundle; includeInIndex = 0; path = NavigationListUITests.xctest; sourceTree = BUILT_PRODUCTS_DIR; };
		FAE6884E294C9A7400888B48 /* NavigationListUITests.swift */ = {isa = PBXFileReference; lastKnownFileType = sourcecode.swift; path = NavigationListUITests.swift; sourceTree = "<group>"; };
		FAE68850294C9A7400888B48 /* NavigationListUITestsLaunchTests.swift */ = {isa = PBXFileReference; lastKnownFileType = sourcecode.swift; path = NavigationListUITestsLaunchTests.swift; sourceTree = "<group>"; };
/* End PBXFileReference section */

/* Begin PBXFrameworksBuildPhase section */
		FAE6882D294C9A7200888B48 /* Frameworks */ = {
			isa = PBXFrameworksBuildPhase;
			buildActionMask = 2147483647;
			files = (
			);
			runOnlyForDeploymentPostprocessing = 0;
		};
		FAE6883D294C9A7400888B48 /* Frameworks */ = {
			isa = PBXFrameworksBuildPhase;
			buildActionMask = 2147483647;
			files = (
			);
			runOnlyForDeploymentPostprocessing = 0;
		};
		FAE68847294C9A7400888B48 /* Frameworks */ = {
			isa = PBXFrameworksBuildPhase;
			buildActionMask = 2147483647;
			files = (
			);
			runOnlyForDeploymentPostprocessing = 0;
		};
/* End PBXFrameworksBuildPhase section */

/* Begin PBXGroup section */
		FAE68827294C9A7200888B48 = {
			isa = PBXGroup;
			children = (
				FAE68832294C9A7200888B48 /* NavigationList */,
				FAE68843294C9A7400888B48 /* NavigationListTests */,
				FAE6884D294C9A7400888B48 /* NavigationListUITests */,
				FAE68831294C9A7200888B48 /* Products */,
			);
			sourceTree = "<group>";
		};
		FAE68831294C9A7200888B48 /* Products */ = {
			isa = PBXGroup;
			children = (
				FAE68830294C9A7200888B48 /* NavigationList.app */,
				FAE68840294C9A7400888B48 /* NavigationListTests.xctest */,
				FAE6884A294C9A7400888B48 /* NavigationListUITests.xctest */,
			);
			name = Products;
			sourceTree = "<group>";
		};
		FAE68832294C9A7200888B48 /* NavigationList */ = {
			isa = PBXGroup;
			children = (
				FAE68833294C9A7200888B48 /* NavigationListApp.swift */,
				FAE68835294C9A7200888B48 /* ContentView.swift */,
				FAE68837294C9A7400888B48 /* Assets.xcassets */,
				FAE68839294C9A7400888B48 /* Preview Content */,
			);
			path = NavigationList;
			sourceTree = "<group>";
		};
		FAE68839294C9A7400888B48 /* Preview Content */ = {
			isa = PBXGroup;
			children = (
				FAE6883A294C9A7400888B48 /* Preview Assets.xcassets */,
			);
			path = "Preview Content";
			sourceTree = "<group>";
		};
		FAE68843294C9A7400888B48 /* NavigationListTests */ = {
			isa = PBXGroup;
			children = (
				FAE68844294C9A7400888B48 /* NavigationListTests.swift */,
			);
			path = NavigationListTests;
			sourceTree = "<group>";
		};
		FAE6884D294C9A7400888B48 /* NavigationListUITests */ = {
			isa = PBXGroup;
			children = (
				FAE6884E294C9A7400888B48 /* NavigationListUITests.swift */,
				FAE68850294C9A7400888B48 /* NavigationListUITestsLaunchTests.swift */,
			);
			path = NavigationListUITests;
			sourceTree = "<group>";
		};
/* End PBXGroup section */

/* Begin PBXNativeTarget section */
		FAE6882F294C9A7200888B48 /* NavigationList */ = {
			isa = PBXNativeTarget;
			buildConfigurationList = FAE68854294C9A7400888B48 /* Build configuration list for PBXNativeTarget "NavigationList" */;
			buildPhases = (
				FAE6882C294C9A7200888B48 /* Sources */,
				FAE6882D294C9A7200888B48 /* Frameworks */,
				FAE6882E294C9A7200888B48 /* Resources */,
			);
			buildRules = (
			);
			dependencies = (
			);
			name = NavigationList;
			productName = NavigationList;
			productReference = FAE68830294C9A7200888B48 /* NavigationList.app */;
			productType = "com.apple.product-type.application";
		};
		FAE6883F294C9A7400888B48 /* NavigationListTests */ = {
			isa = PBXNativeTarget;
			buildConfigurationList = FAE68857294C9A7400888B48 /* Build configuration list for PBXNativeTarget "NavigationListTests" */;
			buildPhases = (
				FAE6883C294C9A7400888B48 /* Sources */,
				FAE6883D294C9A7400888B48 /* Frameworks */,
				FAE6883E294C9A7400888B48 /* Resources */,
			);
			buildRules = (
			);
			dependencies = (
				FAE68842294C9A7400888B48 /* PBXTargetDependency */,
			);
			name = NavigationListTests;
			productName = NavigationListTests;
			productReference = FAE68840294C9A7400888B48 /* NavigationListTests.xctest */;
			productType = "com.apple.product-type.bundle.unit-test";
		};
		FAE68849294C9A7400888B48 /* NavigationListUITests */ = {
			isa = PBXNativeTarget;
			buildConfigurationList = FAE6885A294C9A7400888B48 /* Build configuration list for PBXNativeTarget "NavigationListUITests" */;
			buildPhases = (
				FAE68846294C9A7400888B48 /* Sources */,
				FAE68847294C9A7400888B48 /* Frameworks */,
				FAE68848294C9A7400888B48 /* Resources */,
			);
			buildRules = (
			);
			dependencies = (
				FAE6884C294C9A7400888B48 /* PBXTargetDependency */,
			);
			name = NavigationListUITests;
			productName = NavigationListUITests;
			productReference = FAE6884A294C9A7400888B48 /* NavigationListUITests.xctest */;
			productType = "com.apple.product-type.bundle.ui-testing";
		};
/* End PBXNativeTarget section */

/* Begin PBXProject section */
		FAE68828294C9A7200888B48 /* Project object */ = {
			isa = PBXProject;
			attributes = {
				BuildIndependentTargetsInParallel = 1;
				LastSwiftUpdateCheck = 1420;
				LastUpgradeCheck = 1420;
				TargetAttributes = {
					FAE6882F294C9A7200888B48 = {
						CreatedOnToolsVersion = 14.2;
					};
					FAE6883F294C9A7400888B48 = {
						CreatedOnToolsVersion = 14.2;
						TestTargetID = FAE6882F294C9A7200888B48;
					};
					FAE68849294C9A7400888B48 = {
						CreatedOnToolsVersion = 14.2;
						TestTargetID = FAE6882F294C9A7200888B48;
					};
				};
			};
			buildConfigurationList = FAE6882B294C9A7200888B48 /* Build configuration list for PBXProject "NavigationList" */;
			compatibilityVersion = "Xcode 14.0";
			developmentRegion = en;
			hasScannedForEncodings = 0;
			knownRegions = (
				en,
				Base,
			);
			mainGroup = FAE68827294C9A7200888B48;
			productRefGroup = FAE68831294C9A7200888B48 /* Products */;
			projectDirPath = "";
			projectRoot = "";
			targets = (
				FAE6882F294C9A7200888B48 /* NavigationList */,
				FAE6883F294C9A7400888B48 /* NavigationListTests */,
				FAE68849294C9A7400888B48 /* NavigationListUITests */,
			);
		};
/* End PBXProject section */

/* Begin PBXResourcesBuildPhase section */
		FAE6882E294C9A7200888B48 /* Resources */ = {
			isa = PBXResourcesBuildPhase;
			buildActionMask = 2147483647;
			files = (
				FAE6883B294C9A7400888B48 /* Preview Assets.xcassets in Resources */,
				FAE68838294C9A7400888B48 /* Assets.xcassets in Resources */,
			);
			runOnlyForDeploymentPostprocessing = 0;
		};
		FAE6883E294C9A7400888B48 /* Resources */ = {
			isa = PBXResourcesBuildPhase;
			buildActionMask = 2147483647;
			files = (
			);
			runOnlyForDeploymentPostprocessing = 0;
		};
		FAE68848294C9A7400888B48 /* Resources */ = {
			isa = PBXResourcesBuildPhase;
			buildActionMask = 2147483647;
			files = (
			);
			runOnlyForDeploymentPostprocessing = 0;
		};
/* End PBXResourcesBuildPhase section */

/* Begin PBXSourcesBuildPhase section */
		FAE6882C294C9A7200888B48 /* Sources */ = {
			isa = PBXSourcesBuildPhase;
			buildActionMask = 2147483647;
			files = (
				FAE68836294C9A7200888B48 /* ContentView.swift in Sources */,
				FAE68834294C9A7200888B48 /* NavigationListApp.swift in Sources */,
			);
			runOnlyForDeploymentPostprocessing = 0;
		};
		FAE6883C294C9A7400888B48 /* Sources */ = {
			isa = PBXSourcesBuildPhase;
			buildActionMask = 2147483647;
			files = (
				FAE68845294C9A7400888B48 /* NavigationListTests.swift in Sources */,
			);
			runOnlyForDeploymentPostprocessing = 0;
		};
		FAE68846294C9A7400888B48 /* Sources */ = {
			isa = PBXSourcesBuildPhase;
			buildActionMask = 2147483647;
			files = (
				FAE68851294C9A7400888B48 /* NavigationListUITestsLaunchTests.swift in Sources */,
				FAE6884F294C9A7400888B48 /* NavigationListUITests.swift in Sources */,
			);
			runOnlyForDeploymentPostprocessing = 0;
		};
/* End PBXSourcesBuildPhase section */

/* Begin PBXTargetDependency section */
		FAE68842294C9A7400888B48 /* PBXTargetDependency */ = {
			isa = PBXTargetDependency;
			target = FAE6882F294C9A7200888B48 /* NavigationList */;
			targetProxy = FAE68841294C9A7400888B48 /* PBXContainerItemProxy */;
		};
		FAE6884C294C9A7400888B48 /* PBXTargetDependency */ = {
			isa = PBXTargetDependency;
			target = FAE6882F294C9A7200888B48 /* NavigationList */;
			targetProxy = FAE6884B294C9A7400888B48 /* PBXContainerItemProxy */;
		};
/* End PBXTargetDependency section */

/* Begin XCBuildConfiguration section */
		FAE68852294C9A7400888B48 /* Debug */ = {
			isa = XCBuildConfiguration;
			buildSettings = {
				ALWAYS_SEARCH_USER_PATHS = NO;
				CLANG_ANALYZER_NONNULL = YES;
				CLANG_ANALYZER_NUMBER_OBJECT_CONVERSION = YES_AGGRESSIVE;
				CLANG_CXX_LANGUAGE_STANDARD = "gnu++20";
				CLANG_ENABLE_MODULES = YES;
				CLANG_ENABLE_OBJC_ARC = YES;
				CLANG_ENABLE_OBJC_WEAK = YES;
				CLANG_WARN_BLOCK_CAPTURE_AUTORELEASING = YES;
				CLANG_WARN_BOOL_CONVERSION = YES;
				CLANG_WARN_COMMA = YES;
				CLANG_WARN_CONSTANT_CONVERSION = YES;
				CLANG_WARN_DEPRECATED_OBJC_IMPLEMENTATIONS = YES;
				CLANG_WARN_DIRECT_OBJC_ISA_USAGE = YES_ERROR;
				CLANG_WARN_DOCUMENTATION_COMMENTS = YES;
				CLANG_WARN_EMPTY_BODY = YES;
				CLANG_WARN_ENUM_CONVERSION = YES;
				CLANG_WARN_INFINITE_RECURSION = YES;
				CLANG_WARN_INT_CONVERSION = YES;
				CLANG_WARN_NON_LITERAL_NULL_CONVERSION = YES;
				CLANG_WARN_OBJC_IMPLICIT_RETAIN_SELF = YES;
				CLANG_WARN_OBJC_LITERAL_CONVERSION = YES;
				CLANG_WARN_OBJC_ROOT_CLASS = YES_ERROR;
				CLANG_WARN_QUOTED_INCLUDE_IN_FRAMEWORK_HEADER = YES;
				CLANG_WARN_RANGE_LOOP_ANALYSIS = YES;
				CLANG_WARN_STRICT_PROTOTYPES = YES;
				CLANG_WARN_SUSPICIOUS_MOVE = YES;
				CLANG_WARN_UNGUARDED_AVAILABILITY = YES_AGGRESSIVE;
				CLANG_WARN_UNREACHABLE_CODE = YES;
				CLANG_WARN__DUPLICATE_METHOD_MATCH = YES;
				COPY_PHASE_STRIP = NO;
				DEBUG_INFORMATION_FORMAT = dwarf;
				ENABLE_STRICT_OBJC_MSGSEND = YES;
				ENABLE_TESTABILITY = YES;
				GCC_C_LANGUAGE_STANDARD = gnu11;
				GCC_DYNAMIC_NO_PIC = NO;
				GCC_NO_COMMON_BLOCKS = YES;
				GCC_OPTIMIZATION_LEVEL = 0;
				GCC_PREPROCESSOR_DEFINITIONS = (
					"DEBUG=1",
					"$(inherited)",
				);
				GCC_WARN_64_TO_32_BIT_CONVERSION = YES;
				GCC_WARN_ABOUT_RETURN_TYPE = YES_ERROR;
				GCC_WARN_UNDECLARED_SELECTOR = YES;
				GCC_WARN_UNINITIALIZED_AUTOS = YES_AGGRESSIVE;
				GCC_WARN_UNUSED_FUNCTION = YES;
				GCC_WARN_UNUSED_VARIABLE = YES;
				IPHONEOS_DEPLOYMENT_TARGET = 16.2;
				MTL_ENABLE_DEBUG_INFO = INCLUDE_SOURCE;
				MTL_FAST_MATH = YES;
				ONLY_ACTIVE_ARCH = YES;
				SDKROOT = iphoneos;
				SWIFT_ACTIVE_COMPILATION_CONDITIONS = DEBUG;
				SWIFT_OPTIMIZATION_LEVEL = "-Onone";
			};
			name = Debug;
		};
		FAE68853294C9A7400888B48 /* Release */ = {
			isa = XCBuildConfiguration;
			buildSettings = {
				ALWAYS_SEARCH_USER_PATHS = NO;
				CLANG_ANALYZER_NONNULL = YES;
				CLANG_ANALYZER_NUMBER_OBJECT_CONVERSION = YES_AGGRESSIVE;
				CLANG_CXX_LANGUAGE_STANDARD = "gnu++20";
				CLANG_ENABLE_MODULES = YES;
				CLANG_ENABLE_OBJC_ARC = YES;
				CLANG_ENABLE_OBJC_WEAK = YES;
				CLANG_WARN_BLOCK_CAPTURE_AUTORELEASING = YES;
				CLANG_WARN_BOOL_CONVERSION = YES;
				CLANG_WARN_COMMA = YES;
				CLANG_WARN_CONSTANT_CONVERSION = YES;
				CLANG_WARN_DEPRECATED_OBJC_IMPLEMENTATIONS = YES;
				CLANG_WARN_DIRECT_OBJC_ISA_USAGE = YES_ERROR;
				CLANG_WARN_DOCUMENTATION_COMMENTS = YES;
				CLANG_WARN_EMPTY_BODY = YES;
				CLANG_WARN_ENUM_CONVERSION = YES;
				CLANG_WARN_INFINITE_RECURSION = YES;
				CLANG_WARN_INT_CONVERSION = YES;
				CLANG_WARN_NON_LITERAL_NULL_CONVERSION = YES;
				CLANG_WARN_OBJC_IMPLICIT_RETAIN_SELF = YES;
				CLANG_WARN_OBJC_LITERAL_CONVERSION = YES;
				CLANG_WARN_OBJC_ROOT_CLASS = YES_ERROR;
				CLANG_WARN_QUOTED_INCLUDE_IN_FRAMEWORK_HEADER = YES;
				CLANG_WARN_RANGE_LOOP_ANALYSIS = YES;
				CLANG_WARN_STRICT_PROTOTYPES = YES;
				CLANG_WARN_SUSPICIOUS_MOVE = YES;
				CLANG_WARN_UNGUARDED_AVAILABILITY = YES_AGGRESSIVE;
				CLANG_WARN_UNREACHABLE_CODE = YES;
				CLANG_WARN__DUPLICATE_METHOD_MATCH = YES;
				COPY_PHASE_STRIP = NO;
				DEBUG_INFORMATION_FORMAT = "dwarf-with-dsym";
				ENABLE_NS_ASSERTIONS = NO;
				ENABLE_STRICT_OBJC_MSGSEND = YES;
				GCC_C_LANGUAGE_STANDARD = gnu11;
				GCC_NO_COMMON_BLOCKS = YES;
				GCC_WARN_64_TO_32_BIT_CONVERSION = YES;
				GCC_WARN_ABOUT_RETURN_TYPE = YES_ERROR;
				GCC_WARN_UNDECLARED_SELECTOR = YES;
				GCC_WARN_UNINITIALIZED_AUTOS = YES_AGGRESSIVE;
				GCC_WARN_UNUSED_FUNCTION = YES;
				GCC_WARN_UNUSED_VARIABLE = YES;
				IPHONEOS_DEPLOYMENT_TARGET = 16.2;
				MTL_ENABLE_DEBUG_INFO = NO;
				MTL_FAST_MATH = YES;
				SDKROOT = iphoneos;
				SWIFT_COMPILATION_MODE = wholemodule;
				SWIFT_OPTIMIZATION_LEVEL = "-O";
				VALIDATE_PRODUCT = YES;
			};
			name = Release;
		};
		FAE68855294C9A7400888B48 /* Debug */ = {
			isa = XCBuildConfiguration;
			buildSettings = {
				ASSETCATALOG_COMPILER_APPICON_NAME = AppIcon;
				ASSETCATALOG_COMPILER_GLOBAL_ACCENT_COLOR_NAME = AccentColor;
				CODE_SIGN_STYLE = Automatic;
				CURRENT_PROJECT_VERSION = 1;
				DEVELOPMENT_ASSET_PATHS = "\"NavigationList/Preview Content\"";
				ENABLE_PREVIEWS = YES;
				GENERATE_INFOPLIST_FILE = YES;
				INFOPLIST_KEY_UIApplicationSceneManifest_Generation = YES;
				INFOPLIST_KEY_UIApplicationSupportsIndirectInputEvents = YES;
				INFOPLIST_KEY_UILaunchScreen_Generation = YES;
				INFOPLIST_KEY_UISupportedInterfaceOrientations_iPad = "UIInterfaceOrientationPortrait UIInterfaceOrientationPortraitUpsideDown UIInterfaceOrientationLandscapeLeft UIInterfaceOrientationLandscapeRight";
				INFOPLIST_KEY_UISupportedInterfaceOrientations_iPhone = "UIInterfaceOrientationPortrait UIInterfaceOrientationLandscapeLeft UIInterfaceOrientationLandscapeRight";
				LD_RUNPATH_SEARCH_PATHS = (
					"$(inherited)",
					"@executable_path/Frameworks",
				);
				MARKETING_VERSION = 1.0;
				PRODUCT_BUNDLE_IDENTIFIER = com..NavigationList;
				PRODUCT_NAME = "$(TARGET_NAME)";
				SWIFT_EMIT_LOC_STRINGS = YES;
				SWIFT_VERSION = 5.0;
				TARGETED_DEVICE_FAMILY = "1,2";
			};
			name = Debug;
		};
		FAE68856294C9A7400888B48 /* Release */ = {
			isa = XCBuildConfiguration;
			buildSettings = {
				ASSETCATALOG_COMPILER_APPICON_NAME = AppIcon;
				ASSETCATALOG_COMPILER_GLOBAL_ACCENT_COLOR_NAME = AccentColor;
				CODE_SIGN_STYLE = Automatic;
				CURRENT_PROJECT_VERSION = 1;
				DEVELOPMENT_ASSET_PATHS = "\"NavigationList/Preview Content\"";
				ENABLE_PREVIEWS = YES;
				GENERATE_INFOPLIST_FILE = YES;
				INFOPLIST_KEY_UIApplicationSceneManifest_Generation = YES;
				INFOPLIST_KEY_UIApplicationSupportsIndirectInputEvents = YES;
				INFOPLIST_KEY_UILaunchScreen_Generation = YES;
				INFOPLIST_KEY_UISupportedInterfaceOrientations_iPad = "UIInterfaceOrientationPortrait UIInterfaceOrientationPortraitUpsideDown UIInterfaceOrientationLandscapeLeft UIInterfaceOrientationLandscapeRight";
				INFOPLIST_KEY_UISupportedInterfaceOrientations_iPhone = "UIInterfaceOrientationPortrait UIInterfaceOrientationLandscapeLeft UIInterfaceOrientationLandscapeRight";
				LD_RUNPATH_SEARCH_PATHS = (
					"$(inherited)",
					"@executable_path/Frameworks",
				);
				MARKETING_VERSION = 1.0;
				PRODUCT_BUNDLE_IDENTIFIER = com..NavigationList;
				PRODUCT_NAME = "$(TARGET_NAME)";
				SWIFT_EMIT_LOC_STRINGS = YES;
				SWIFT_VERSION = 5.0;
				TARGETED_DEVICE_FAMILY = "1,2";
			};
			name = Release;
		};
		FAE68858294C9A7400888B48 /* Debug */ = {
			isa = XCBuildConfiguration;
			buildSettings = {
				ALWAYS_EMBED_SWIFT_STANDARD_LIBRARIES = YES;
				BUNDLE_LOADER = "$(TEST_HOST)";
				CODE_SIGN_STYLE = Automatic;
				CURRENT_PROJECT_VERSION = 1;
				GENERATE_INFOPLIST_FILE = YES;
				IPHONEOS_DEPLOYMENT_TARGET = 16.2;
				MARKETING_VERSION = 1.0;
				PRODUCT_BUNDLE_IDENTIFIER = com..NavigationListTests;
				PRODUCT_NAME = "$(TARGET_NAME)";
				SWIFT_EMIT_LOC_STRINGS = NO;
				SWIFT_VERSION = 5.0;
				TARGETED_DEVICE_FAMILY = "1,2";
				TEST_HOST = "$(BUILT_PRODUCTS_DIR)/NavigationList.app/$(BUNDLE_EXECUTABLE_FOLDER_PATH)/NavigationList";
			};
			name = Debug;
		};
		FAE68859294C9A7400888B48 /* Release */ = {
			isa = XCBuildConfiguration;
			buildSettings = {
				ALWAYS_EMBED_SWIFT_STANDARD_LIBRARIES = YES;
				BUNDLE_LOADER = "$(TEST_HOST)";
				CODE_SIGN_STYLE = Automatic;
				CURRENT_PROJECT_VERSION = 1;
				GENERATE_INFOPLIST_FILE = YES;
				IPHONEOS_DEPLOYMENT_TARGET = 16.2;
				MARKETING_VERSION = 1.0;
				PRODUCT_BUNDLE_IDENTIFIER = com..NavigationListTests;
				PRODUCT_NAME = "$(TARGET_NAME)";
				SWIFT_EMIT_LOC_STRINGS = NO;
				SWIFT_VERSION = 5.0;
				TARGETED_DEVICE_FAMILY = "1,2";
				TEST_HOST = "$(BUILT_PRODUCTS_DIR)/NavigationList.app/$(BUNDLE_EXECUTABLE_FOLDER_PATH)/NavigationList";
			};
			name = Release;
		};
		FAE6885B294C9A7400888B48 /* Debug */ = {
			isa = XCBuildConfiguration;
			buildSettings = {
				ALWAYS_EMBED_SWIFT_STANDARD_LIBRARIES = YES;
				CODE_SIGN_STYLE = Automatic;
				CURRENT_PROJECT_VERSION = 1;
				GENERATE_INFOPLIST_FILE = YES;
				MARKETING_VERSION = 1.0;
				PRODUCT_BUNDLE_IDENTIFIER = com..NavigationListUITests;
				PRODUCT_NAME = "$(TARGET_NAME)";
				SWIFT_EMIT_LOC_STRINGS = NO;
				SWIFT_VERSION = 5.0;
				TARGETED_DEVICE_FAMILY = "1,2";
				TEST_TARGET_NAME = NavigationList;
			};
			name = Debug;
		};
		FAE6885C294C9A7400888B48 /* Release */ = {
			isa = XCBuildConfiguration;
			buildSettings = {
				ALWAYS_EMBED_SWIFT_STANDARD_LIBRARIES = YES;
				CODE_SIGN_STYLE = Automatic;
				CURRENT_PROJECT_VERSION = 1;
				GENERATE_INFOPLIST_FILE = YES;
				MARKETING_VERSION = 1.0;
				PRODUCT_BUNDLE_IDENTIFIER = com..NavigationListUITests;
				PRODUCT_NAME = "$(TARGET_NAME)";
				SWIFT_EMIT_LOC_STRINGS = NO;
				SWIFT_VERSION = 5.0;
				TARGETED_DEVICE_FAMILY = "1,2";
				TEST_TARGET_NAME = NavigationList;
			};
			name = Release;
		};
/* End XCBuildConfiguration section */

/* Begin XCConfigurationList section */
		FAE6882B294C9A7200888B48 /* Build configuration list for PBXProject "NavigationList" */ = {
			isa = XCConfigurationList;
			buildConfigurations = (
				FAE68852294C9A7400888B48 /* Debug */,
				FAE68853294C9A7400888B48 /* Release */,
			);
			defaultConfigurationIsVisible = 0;
			defaultConfigurationName = Release;
		};
		FAE68854294C9A7400888B48 /* Build configuration list for PBXNativeTarget "NavigationList" */ = {
			isa = XCConfigurationList;
			buildConfigurations = (
				FAE68855294C9A7400888B48 /* Debug */,
				FAE68856294C9A7400888B48 /* Release */,
			);
			defaultConfigurationIsVisible = 0;
			defaultConfigurationName = Release;
		};
		FAE68857294C9A7400888B48 /* Build configuration list for PBXNativeTarget "NavigationListTests" */ = {
			isa = XCConfigurationList;
			buildConfigurations = (
				FAE68858294C9A7400888B48 /* Debug */,
				FAE68859294C9A7400888B48 /* Release */,
			);
			defaultConfigurationIsVisible = 0;
			defaultConfigurationName = Release;
		};
		FAE6885A294C9A7400888B48 /* Build configuration list for PBXNativeTarget "NavigationListUITests" */ = {
			isa = XCConfigurationList;
			buildConfigurations = (
				FAE6885B294C9A7400888B48 /* Debug */,
				FAE6885C294C9A7400888B48 /* Release */,
			);
			defaultConfigurationIsVisible = 0;
			defaultConfigurationName = Release;
		};
/* End XCConfigurationList section */
	};
	rootObject = FAE68828294C9A7200888B48 /* Project object */;
}
