// !$*UTF8*$!
{
	archiveVersion = 1;
	classes = {
	};
	objectVersion = 56;
	objects = {

/* Begin PBXBuildFile section */
		FABD33C72954482E00943DD8 /* StateAndBindingApp.swift in Sources */ = {isa = PBXBuildFile; fileRef = FABD33C62954482E00943DD8 /* StateAndBindingApp.swift */; };
		FABD33C92954482E00943DD8 /* ContentView.swift in Sources */ = {isa = PBXBuildFile; fileRef = FABD33C82954482E00943DD8 /* ContentView.swift */; };
		FABD33CB2954483000943DD8 /* Assets.xcassets in Resources */ = {isa = PBXBuildFile; fileRef = FABD33CA2954483000943DD8 /* Assets.xcassets */; };
		FABD33CE2954483000943DD8 /* Preview Assets.xcassets in Resources */ = {isa = PBXBuildFile; fileRef = FABD33CD2954483000943DD8 /* Preview Assets.xcassets */; };
		FABD33D82954483000943DD8 /* StateAndBindingTests.swift in Sources */ = {isa = PBXBuildFile; fileRef = FABD33D72954483000943DD8 /* StateAndBindingTests.swift */; };
		FABD33E22954483000943DD8 /* StateAndBindingUITests.swift in Sources */ = {isa = PBXBuildFile; fileRef = FABD33E12954483000943DD8 /* StateAndBindingUITests.swift */; };
		FABD33E42954483000943DD8 /* StateAndBindingUITestsLaunchTests.swift in Sources */ = {isa = PBXBuildFile; fileRef = FABD33E32954483000943DD8 /* StateAndBindingUITestsLaunchTests.swift */; };
/* End PBXBuildFile section */

/* Begin PBXContainerItemProxy section */
		FABD33D42954483000943DD8 /* PBXContainerItemProxy */ = {
			isa = PBXContainerItemProxy;
			containerPortal = FABD33BB2954482E00943DD8 /* Project object */;
			proxyType = 1;
			remoteGlobalIDString = FABD33C22954482E00943DD8;
			remoteInfo = StateAndBinding;
		};
		FABD33DE2954483000943DD8 /* PBXContainerItemProxy */ = {
			isa = PBXContainerItemProxy;
			containerPortal = FABD33BB2954482E00943DD8 /* Project object */;
			proxyType = 1;
			remoteGlobalIDString = FABD33C22954482E00943DD8;
			remoteInfo = StateAndBinding;
		};
/* End PBXContainerItemProxy section */

/* Begin PBXFileReference section */
		FABD33C32954482E00943DD8 /* StateAndBinding.app */ = {isa = PBXFileReference; explicitFileType = wrapper.application; includeInIndex = 0; path = StateAndBinding.app; sourceTree = BUILT_PRODUCTS_DIR; };
		FABD33C62954482E00943DD8 /* StateAndBindingApp.swift */ = {isa = PBXFileReference; lastKnownFileType = sourcecode.swift; path = StateAndBindingApp.swift; sourceTree = "<group>"; };
		FABD33C82954482E00943DD8 /* ContentView.swift */ = {isa = PBXFileReference; lastKnownFileType = sourcecode.swift; path = ContentView.swift; sourceTree = "<group>"; };
		FABD33CA2954483000943DD8 /* Assets.xcassets */ = {isa = PBXFileReference; lastKnownFileType = folder.assetcatalog; path = Assets.xcassets; sourceTree = "<group>"; };
		FABD33CD2954483000943DD8 /* Preview Assets.xcassets */ = {isa = PBXFileReference; lastKnownFileType = folder.assetcatalog; path = "Preview Assets.xcassets"; sourceTree = "<group>"; };
		FABD33D32954483000943DD8 /* StateAndBindingTests.xctest */ = {isa = PBXFileReference; explicitFileType = wrapper.cfbundle; includeInIndex = 0; path = StateAndBindingTests.xctest; sourceTree = BUILT_PRODUCTS_DIR; };
		FABD33D72954483000943DD8 /* StateAndBindingTests.swift */ = {isa = PBXFileReference; lastKnownFileType = sourcecode.swift; path = StateAndBindingTests.swift; sourceTree = "<group>"; };
		FABD33DD2954483000943DD8 /* StateAndBindingUITests.xctest */ = {isa = PBXFileReference; explicitFileType = wrapper.cfbundle; includeInIndex = 0; path = StateAndBindingUITests.xctest; sourceTree = BUILT_PRODUCTS_DIR; };
		FABD33E12954483000943DD8 /* StateAndBindingUITests.swift */ = {isa = PBXFileReference; lastKnownFileType = sourcecode.swift; path = StateAndBindingUITests.swift; sourceTree = "<group>"; };
		FABD33E32954483000943DD8 /* StateAndBindingUITestsLaunchTests.swift */ = {isa = PBXFileReference; lastKnownFileType = sourcecode.swift; path = StateAndBindingUITestsLaunchTests.swift; sourceTree = "<group>"; };
/* End PBXFileReference section */

/* Begin PBXFrameworksBuildPhase section */
		FABD33C02954482E00943DD8 /* Frameworks */ = {
			isa = PBXFrameworksBuildPhase;
			buildActionMask = 2147483647;
			files = (
			);
			runOnlyForDeploymentPostprocessing = 0;
		};
		FABD33D02954483000943DD8 /* Frameworks */ = {
			isa = PBXFrameworksBuildPhase;
			buildActionMask = 2147483647;
			files = (
			);
			runOnlyForDeploymentPostprocessing = 0;
		};
		FABD33DA2954483000943DD8 /* Frameworks */ = {
			isa = PBXFrameworksBuildPhase;
			buildActionMask = 2147483647;
			files = (
			);
			runOnlyForDeploymentPostprocessing = 0;
		};
/* End PBXFrameworksBuildPhase section */

/* Begin PBXGroup section */
		FABD33BA2954482E00943DD8 = {
			isa = PBXGroup;
			children = (
				FABD33C52954482E00943DD8 /* StateAndBinding */,
				FABD33D62954483000943DD8 /* StateAndBindingTests */,
				FABD33E02954483000943DD8 /* StateAndBindingUITests */,
				FABD33C42954482E00943DD8 /* Products */,
			);
			sourceTree = "<group>";
		};
		FABD33C42954482E00943DD8 /* Products */ = {
			isa = PBXGroup;
			children = (
				FABD33C32954482E00943DD8 /* StateAndBinding.app */,
				FABD33D32954483000943DD8 /* StateAndBindingTests.xctest */,
				FABD33DD2954483000943DD8 /* StateAndBindingUITests.xctest */,
			);
			name = Products;
			sourceTree = "<group>";
		};
		FABD33C52954482E00943DD8 /* StateAndBinding */ = {
			isa = PBXGroup;
			children = (
				FABD33C62954482E00943DD8 /* StateAndBindingApp.swift */,
				FABD33C82954482E00943DD8 /* ContentView.swift */,
				FABD33CA2954483000943DD8 /* Assets.xcassets */,
				FABD33CC2954483000943DD8 /* Preview Content */,
			);
			path = StateAndBinding;
			sourceTree = "<group>";
		};
		FABD33CC2954483000943DD8 /* Preview Content */ = {
			isa = PBXGroup;
			children = (
				FABD33CD2954483000943DD8 /* Preview Assets.xcassets */,
			);
			path = "Preview Content";
			sourceTree = "<group>";
		};
		FABD33D62954483000943DD8 /* StateAndBindingTests */ = {
			isa = PBXGroup;
			children = (
				FABD33D72954483000943DD8 /* StateAndBindingTests.swift */,
			);
			path = StateAndBindingTests;
			sourceTree = "<group>";
		};
		FABD33E02954483000943DD8 /* StateAndBindingUITests */ = {
			isa = PBXGroup;
			children = (
				FABD33E12954483000943DD8 /* StateAndBindingUITests.swift */,
				FABD33E32954483000943DD8 /* StateAndBindingUITestsLaunchTests.swift */,
			);
			path = StateAndBindingUITests;
			sourceTree = "<group>";
		};
/* End PBXGroup section */

/* Begin PBXNativeTarget section */
		FABD33C22954482E00943DD8 /* StateAndBinding */ = {
			isa = PBXNativeTarget;
			buildConfigurationList = FABD33E72954483000943DD8 /* Build configuration list for PBXNativeTarget "StateAndBinding" */;
			buildPhases = (
				FABD33BF2954482E00943DD8 /* Sources */,
				FABD33C02954482E00943DD8 /* Frameworks */,
				FABD33C12954482E00943DD8 /* Resources */,
			);
			buildRules = (
			);
			dependencies = (
			);
			name = StateAndBinding;
			productName = StateAndBinding;
			productReference = FABD33C32954482E00943DD8 /* StateAndBinding.app */;
			productType = "com.apple.product-type.application";
		};
		FABD33D22954483000943DD8 /* StateAndBindingTests */ = {
			isa = PBXNativeTarget;
			buildConfigurationList = FABD33EA2954483000943DD8 /* Build configuration list for PBXNativeTarget "StateAndBindingTests" */;
			buildPhases = (
				FABD33CF2954483000943DD8 /* Sources */,
				FABD33D02954483000943DD8 /* Frameworks */,
				FABD33D12954483000943DD8 /* Resources */,
			);
			buildRules = (
			);
			dependencies = (
				FABD33D52954483000943DD8 /* PBXTargetDependency */,
			);
			name = StateAndBindingTests;
			productName = StateAndBindingTests;
			productReference = FABD33D32954483000943DD8 /* StateAndBindingTests.xctest */;
			productType = "com.apple.product-type.bundle.unit-test";
		};
		FABD33DC2954483000943DD8 /* StateAndBindingUITests */ = {
			isa = PBXNativeTarget;
			buildConfigurationList = FABD33ED2954483000943DD8 /* Build configuration list for PBXNativeTarget "StateAndBindingUITests" */;
			buildPhases = (
				FABD33D92954483000943DD8 /* Sources */,
				FABD33DA2954483000943DD8 /* Frameworks */,
				FABD33DB2954483000943DD8 /* Resources */,
			);
			buildRules = (
			);
			dependencies = (
				FABD33DF2954483000943DD8 /* PBXTargetDependency */,
			);
			name = StateAndBindingUITests;
			productName = StateAndBindingUITests;
			productReference = FABD33DD2954483000943DD8 /* StateAndBindingUITests.xctest */;
			productType = "com.apple.product-type.bundle.ui-testing";
		};
/* End PBXNativeTarget section */

/* Begin PBXProject section */
		FABD33BB2954482E00943DD8 /* Project object */ = {
			isa = PBXProject;
			attributes = {
				BuildIndependentTargetsInParallel = 1;
				LastSwiftUpdateCheck = 1420;
				LastUpgradeCheck = 1420;
				TargetAttributes = {
					FABD33C22954482E00943DD8 = {
						CreatedOnToolsVersion = 14.2;
					};
					FABD33D22954483000943DD8 = {
						CreatedOnToolsVersion = 14.2;
						TestTargetID = FABD33C22954482E00943DD8;
					};
					FABD33DC2954483000943DD8 = {
						CreatedOnToolsVersion = 14.2;
						TestTargetID = FABD33C22954482E00943DD8;
					};
				};
			};
			buildConfigurationList = FABD33BE2954482E00943DD8 /* Build configuration list for PBXProject "StateAndBinding" */;
			compatibilityVersion = "Xcode 14.0";
			developmentRegion = en;
			hasScannedForEncodings = 0;
			knownRegions = (
				en,
				Base,
			);
			mainGroup = FABD33BA2954482E00943DD8;
			productRefGroup = FABD33C42954482E00943DD8 /* Products */;
			projectDirPath = "";
			projectRoot = "";
			targets = (
				FABD33C22954482E00943DD8 /* StateAndBinding */,
				FABD33D22954483000943DD8 /* StateAndBindingTests */,
				FABD33DC2954483000943DD8 /* StateAndBindingUITests */,
			);
		};
/* End PBXProject section */

/* Begin PBXResourcesBuildPhase section */
		FABD33C12954482E00943DD8 /* Resources */ = {
			isa = PBXResourcesBuildPhase;
			buildActionMask = 2147483647;
			files = (
				FABD33CE2954483000943DD8 /* Preview Assets.xcassets in Resources */,
				FABD33CB2954483000943DD8 /* Assets.xcassets in Resources */,
			);
			runOnlyForDeploymentPostprocessing = 0;
		};
		FABD33D12954483000943DD8 /* Resources */ = {
			isa = PBXResourcesBuildPhase;
			buildActionMask = 2147483647;
			files = (
			);
			runOnlyForDeploymentPostprocessing = 0;
		};
		FABD33DB2954483000943DD8 /* Resources */ = {
			isa = PBXResourcesBuildPhase;
			buildActionMask = 2147483647;
			files = (
			);
			runOnlyForDeploymentPostprocessing = 0;
		};
/* End PBXResourcesBuildPhase section */

/* Begin PBXSourcesBuildPhase section */
		FABD33BF2954482E00943DD8 /* Sources */ = {
			isa = PBXSourcesBuildPhase;
			buildActionMask = 2147483647;
			files = (
				FABD33C92954482E00943DD8 /* ContentView.swift in Sources */,
				FABD33C72954482E00943DD8 /* StateAndBindingApp.swift in Sources */,
			);
			runOnlyForDeploymentPostprocessing = 0;
		};
		FABD33CF2954483000943DD8 /* Sources */ = {
			isa = PBXSourcesBuildPhase;
			buildActionMask = 2147483647;
			files = (
				FABD33D82954483000943DD8 /* StateAndBindingTests.swift in Sources */,
			);
			runOnlyForDeploymentPostprocessing = 0;
		};
		FABD33D92954483000943DD8 /* Sources */ = {
			isa = PBXSourcesBuildPhase;
			buildActionMask = 2147483647;
			files = (
				FABD33E42954483000943DD8 /* StateAndBindingUITestsLaunchTests.swift in Sources */,
				FABD33E22954483000943DD8 /* StateAndBindingUITests.swift in Sources */,
			);
			runOnlyForDeploymentPostprocessing = 0;
		};
/* End PBXSourcesBuildPhase section */

/* Begin PBXTargetDependency section */
		FABD33D52954483000943DD8 /* PBXTargetDependency */ = {
			isa = PBXTargetDependency;
			target = FABD33C22954482E00943DD8 /* StateAndBinding */;
			targetProxy = FABD33D42954483000943DD8 /* PBXContainerItemProxy */;
		};
		FABD33DF2954483000943DD8 /* PBXTargetDependency */ = {
			isa = PBXTargetDependency;
			target = FABD33C22954482E00943DD8 /* StateAndBinding */;
			targetProxy = FABD33DE2954483000943DD8 /* PBXContainerItemProxy */;
		};
/* End PBXTargetDependency section */

/* Begin XCBuildConfiguration section */
		FABD33E52954483000943DD8 /* Debug */ = {
			isa = XCBuildConfiguration;
			buildSettings = {
				ALWAYS_SEARCH_USER_PATHS = NO;
				CLANG_ANALYZER_NONNULL = YES;
				CLANG_ANALYZER_NUMBER_OBJECT_CONVERSION = YES_AGGRESSIVE;
				CLANG_CXX_LANGUAGE_STANDARD = "gnu++20";
				CLANG_ENABLE_MODULES = YES;
				CLANG_ENABLE_OBJC_ARC = YES;
				CLANG_ENABLE_OBJC_WEAK = YES;
				CLANG_WARN_BLOCK_CAPTURE_AUTORELEASING = YES;
				CLANG_WARN_BOOL_CONVERSION = YES;
				CLANG_WARN_COMMA = YES;
				CLANG_WARN_CONSTANT_CONVERSION = YES;
				CLANG_WARN_DEPRECATED_OBJC_IMPLEMENTATIONS = YES;
				CLANG_WARN_DIRECT_OBJC_ISA_USAGE = YES_ERROR;
				CLANG_WARN_DOCUMENTATION_COMMENTS = YES;
				CLANG_WARN_EMPTY_BODY = YES;
				CLANG_WARN_ENUM_CONVERSION = YES;
				CLANG_WARN_INFINITE_RECURSION = YES;
				CLANG_WARN_INT_CONVERSION = YES;
				CLANG_WARN_NON_LITERAL_NULL_CONVERSION = YES;
				CLANG_WARN_OBJC_IMPLICIT_RETAIN_SELF = YES;
				CLANG_WARN_OBJC_LITERAL_CONVERSION = YES;
				CLANG_WARN_OBJC_ROOT_CLASS = YES_ERROR;
				CLANG_WARN_QUOTED_INCLUDE_IN_FRAMEWORK_HEADER = YES;
				CLANG_WARN_RANGE_LOOP_ANALYSIS = YES;
				CLANG_WARN_STRICT_PROTOTYPES = YES;
				CLANG_WARN_SUSPICIOUS_MOVE = YES;
				CLANG_WARN_UNGUARDED_AVAILABILITY = YES_AGGRESSIVE;
				CLANG_WARN_UNREACHABLE_CODE = YES;
				CLANG_WARN__DUPLICATE_METHOD_MATCH = YES;
				COPY_PHASE_STRIP = NO;
				DEBUG_INFORMATION_FORMAT = dwarf;
				ENABLE_STRICT_OBJC_MSGSEND = YES;
				ENABLE_TESTABILITY = YES;
				GCC_C_LANGUAGE_STANDARD = gnu11;
				GCC_DYNAMIC_NO_PIC = NO;
				GCC_NO_COMMON_BLOCKS = YES;
				GCC_OPTIMIZATION_LEVEL = 0;
				GCC_PREPROCESSOR_DEFINITIONS = (
					"DEBUG=1",
					"$(inherited)",
				);
				GCC_WARN_64_TO_32_BIT_CONVERSION = YES;
				GCC_WARN_ABOUT_RETURN_TYPE = YES_ERROR;
				GCC_WARN_UNDECLARED_SELECTOR = YES;
				GCC_WARN_UNINITIALIZED_AUTOS = YES_AGGRESSIVE;
				GCC_WARN_UNUSED_FUNCTION = YES;
				GCC_WARN_UNUSED_VARIABLE = YES;
				IPHONEOS_DEPLOYMENT_TARGET = 16.2;
				MTL_ENABLE_DEBUG_INFO = INCLUDE_SOURCE;
				MTL_FAST_MATH = YES;
				ONLY_ACTIVE_ARCH = YES;
				SDKROOT = iphoneos;
				SWIFT_ACTIVE_COMPILATION_CONDITIONS = DEBUG;
				SWIFT_OPTIMIZATION_LEVEL = "-Onone";
			};
			name = Debug;
		};
		FABD33E62954483000943DD8 /* Release */ = {
			isa = XCBuildConfiguration;
			buildSettings = {
				ALWAYS_SEARCH_USER_PATHS = NO;
				CLANG_ANALYZER_NONNULL = YES;
				CLANG_ANALYZER_NUMBER_OBJECT_CONVERSION = YES_AGGRESSIVE;
				CLANG_CXX_LANGUAGE_STANDARD = "gnu++20";
				CLANG_ENABLE_MODULES = YES;
				CLANG_ENABLE_OBJC_ARC = YES;
				CLANG_ENABLE_OBJC_WEAK = YES;
				CLANG_WARN_BLOCK_CAPTURE_AUTORELEASING = YES;
				CLANG_WARN_BOOL_CONVERSION = YES;
				CLANG_WARN_COMMA = YES;
				CLANG_WARN_CONSTANT_CONVERSION = YES;
				CLANG_WARN_DEPRECATED_OBJC_IMPLEMENTATIONS = YES;
				CLANG_WARN_DIRECT_OBJC_ISA_USAGE = YES_ERROR;
				CLANG_WARN_DOCUMENTATION_COMMENTS = YES;
				CLANG_WARN_EMPTY_BODY = YES;
				CLANG_WARN_ENUM_CONVERSION = YES;
				CLANG_WARN_INFINITE_RECURSION = YES;
				CLANG_WARN_INT_CONVERSION = YES;
				CLANG_WARN_NON_LITERAL_NULL_CONVERSION = YES;
				CLANG_WARN_OBJC_IMPLICIT_RETAIN_SELF = YES;
				CLANG_WARN_OBJC_LITERAL_CONVERSION = YES;
				CLANG_WARN_OBJC_ROOT_CLASS = YES_ERROR;
				CLANG_WARN_QUOTED_INCLUDE_IN_FRAMEWORK_HEADER = YES;
				CLANG_WARN_RANGE_LOOP_ANALYSIS = YES;
				CLANG_WARN_STRICT_PROTOTYPES = YES;
				CLANG_WARN_SUSPICIOUS_MOVE = YES;
				CLANG_WARN_UNGUARDED_AVAILABILITY = YES_AGGRESSIVE;
				CLANG_WARN_UNREACHABLE_CODE = YES;
				CLANG_WARN__DUPLICATE_METHOD_MATCH = YES;
				COPY_PHASE_STRIP = NO;
				DEBUG_INFORMATION_FORMAT = "dwarf-with-dsym";
				ENABLE_NS_ASSERTIONS = NO;
				ENABLE_STRICT_OBJC_MSGSEND = YES;
				GCC_C_LANGUAGE_STANDARD = gnu11;
				GCC_NO_COMMON_BLOCKS = YES;
				GCC_WARN_64_TO_32_BIT_CONVERSION = YES;
				GCC_WARN_ABOUT_RETURN_TYPE = YES_ERROR;
				GCC_WARN_UNDECLARED_SELECTOR = YES;
				GCC_WARN_UNINITIALIZED_AUTOS = YES_AGGRESSIVE;
				GCC_WARN_UNUSED_FUNCTION = YES;
				GCC_WARN_UNUSED_VARIABLE = YES;
				IPHONEOS_DEPLOYMENT_TARGET = 16.2;
				MTL_ENABLE_DEBUG_INFO = NO;
				MTL_FAST_MATH = YES;
				SDKROOT = iphoneos;
				SWIFT_COMPILATION_MODE = wholemodule;
				SWIFT_OPTIMIZATION_LEVEL = "-O";
				VALIDATE_PRODUCT = YES;
			};
			name = Release;
		};
		FABD33E82954483000943DD8 /* Debug */ = {
			isa = XCBuildConfiguration;
			buildSettings = {
				ASSETCATALOG_COMPILER_APPICON_NAME = AppIcon;
				ASSETCATALOG_COMPILER_GLOBAL_ACCENT_COLOR_NAME = AccentColor;
				CODE_SIGN_STYLE = Automatic;
				CURRENT_PROJECT_VERSION = 1;
				DEVELOPMENT_ASSET_PATHS = "\"StateAndBinding/Preview Content\"";
				ENABLE_PREVIEWS = YES;
				GENERATE_INFOPLIST_FILE = YES;
				INFOPLIST_KEY_UIApplicationSceneManifest_Generation = YES;
				INFOPLIST_KEY_UIApplicationSupportsIndirectInputEvents = YES;
				INFOPLIST_KEY_UILaunchScreen_Generation = YES;
				INFOPLIST_KEY_UISupportedInterfaceOrientations_iPad = "UIInterfaceOrientationPortrait UIInterfaceOrientationPortraitUpsideDown UIInterfaceOrientationLandscapeLeft UIInterfaceOrientationLandscapeRight";
				INFOPLIST_KEY_UISupportedInterfaceOrientations_iPhone = "UIInterfaceOrientationPortrait UIInterfaceOrientationLandscapeLeft UIInterfaceOrientationLandscapeRight";
				LD_RUNPATH_SEARCH_PATHS = (
					"$(inherited)",
					"@executable_path/Frameworks",
				);
				MARKETING_VERSION = 1.0;
				PRODUCT_BUNDLE_IDENTIFIER = com..StateAndBinding;
				PRODUCT_NAME = "$(TARGET_NAME)";
				SWIFT_EMIT_LOC_STRINGS = YES;
				SWIFT_VERSION = 5.0;
				TARGETED_DEVICE_FAMILY = "1,2";
			};
			name = Debug;
		};
		FABD33E92954483000943DD8 /* Release */ = {
			isa = XCBuildConfiguration;
			buildSettings = {
				ASSETCATALOG_COMPILER_APPICON_NAME = AppIcon;
				ASSETCATALOG_COMPILER_GLOBAL_ACCENT_COLOR_NAME = AccentColor;
				CODE_SIGN_STYLE = Automatic;
				CURRENT_PROJECT_VERSION = 1;
				DEVELOPMENT_ASSET_PATHS = "\"StateAndBinding/Preview Content\"";
				ENABLE_PREVIEWS = YES;
				GENERATE_INFOPLIST_FILE = YES;
				INFOPLIST_KEY_UIApplicationSceneManifest_Generation = YES;
				INFOPLIST_KEY_UIApplicationSupportsIndirectInputEvents = YES;
				INFOPLIST_KEY_UILaunchScreen_Generation = YES;
				INFOPLIST_KEY_UISupportedInterfaceOrientations_iPad = "UIInterfaceOrientationPortrait UIInterfaceOrientationPortraitUpsideDown UIInterfaceOrientationLandscapeLeft UIInterfaceOrientationLandscapeRight";
				INFOPLIST_KEY_UISupportedInterfaceOrientations_iPhone = "UIInterfaceOrientationPortrait UIInterfaceOrientationLandscapeLeft UIInterfaceOrientationLandscapeRight";
				LD_RUNPATH_SEARCH_PATHS = (
					"$(inherited)",
					"@executable_path/Frameworks",
				);
				MARKETING_VERSION = 1.0;
				PRODUCT_BUNDLE_IDENTIFIER = com..StateAndBinding;
				PRODUCT_NAME = "$(TARGET_NAME)";
				SWIFT_EMIT_LOC_STRINGS = YES;
				SWIFT_VERSION = 5.0;
				TARGETED_DEVICE_FAMILY = "1,2";
			};
			name = Release;
		};
		FABD33EB2954483000943DD8 /* Debug */ = {
			isa = XCBuildConfiguration;
			buildSettings = {
				ALWAYS_EMBED_SWIFT_STANDARD_LIBRARIES = YES;
				BUNDLE_LOADER = "$(TEST_HOST)";
				CODE_SIGN_STYLE = Automatic;
				CURRENT_PROJECT_VERSION = 1;
				GENERATE_INFOPLIST_FILE = YES;
				IPHONEOS_DEPLOYMENT_TARGET = 16.2;
				MARKETING_VERSION = 1.0;
				PRODUCT_BUNDLE_IDENTIFIER = com..StateAndBindingTests;
				PRODUCT_NAME = "$(TARGET_NAME)";
				SWIFT_EMIT_LOC_STRINGS = NO;
				SWIFT_VERSION = 5.0;
				TARGETED_DEVICE_FAMILY = "1,2";
				TEST_HOST = "$(BUILT_PRODUCTS_DIR)/StateAndBinding.app/$(BUNDLE_EXECUTABLE_FOLDER_PATH)/StateAndBinding";
			};
			name = Debug;
		};
		FABD33EC2954483000943DD8 /* Release */ = {
			isa = XCBuildConfiguration;
			buildSettings = {
				ALWAYS_EMBED_SWIFT_STANDARD_LIBRARIES = YES;
				BUNDLE_LOADER = "$(TEST_HOST)";
				CODE_SIGN_STYLE = Automatic;
				CURRENT_PROJECT_VERSION = 1;
				GENERATE_INFOPLIST_FILE = YES;
				IPHONEOS_DEPLOYMENT_TARGET = 16.2;
				MARKETING_VERSION = 1.0;
				PRODUCT_BUNDLE_IDENTIFIER = com..StateAndBindingTests;
				PRODUCT_NAME = "$(TARGET_NAME)";
				SWIFT_EMIT_LOC_STRINGS = NO;
				SWIFT_VERSION = 5.0;
				TARGETED_DEVICE_FAMILY = "1,2";
				TEST_HOST = "$(BUILT_PRODUCTS_DIR)/StateAndBinding.app/$(BUNDLE_EXECUTABLE_FOLDER_PATH)/StateAndBinding";
			};
			name = Release;
		};
		FABD33EE2954483000943DD8 /* Debug */ = {
			isa = XCBuildConfiguration;
			buildSettings = {
				ALWAYS_EMBED_SWIFT_STANDARD_LIBRARIES = YES;
				CODE_SIGN_STYLE = Automatic;
				CURRENT_PROJECT_VERSION = 1;
				GENERATE_INFOPLIST_FILE = YES;
				MARKETING_VERSION = 1.0;
				PRODUCT_BUNDLE_IDENTIFIER = com..StateAndBindingUITests;
				PRODUCT_NAME = "$(TARGET_NAME)";
				SWIFT_EMIT_LOC_STRINGS = NO;
				SWIFT_VERSION = 5.0;
				TARGETED_DEVICE_FAMILY = "1,2";
				TEST_TARGET_NAME = StateAndBinding;
			};
			name = Debug;
		};
		FABD33EF2954483000943DD8 /* Release */ = {
			isa = XCBuildConfiguration;
			buildSettings = {
				ALWAYS_EMBED_SWIFT_STANDARD_LIBRARIES = YES;
				CODE_SIGN_STYLE = Automatic;
				CURRENT_PROJECT_VERSION = 1;
				GENERATE_INFOPLIST_FILE = YES;
				MARKETING_VERSION = 1.0;
				PRODUCT_BUNDLE_IDENTIFIER = com..StateAndBindingUITests;
				PRODUCT_NAME = "$(TARGET_NAME)";
				SWIFT_EMIT_LOC_STRINGS = NO;
				SWIFT_VERSION = 5.0;
				TARGETED_DEVICE_FAMILY = "1,2";
				TEST_TARGET_NAME = StateAndBinding;
			};
			name = Release;
		};
/* End XCBuildConfiguration section */

/* Begin XCConfigurationList section */
		FABD33BE2954482E00943DD8 /* Build configuration list for PBXProject "StateAndBinding" */ = {
			isa = XCConfigurationList;
			buildConfigurations = (
				FABD33E52954483000943DD8 /* Debug */,
				FABD33E62954483000943DD8 /* Release */,
			);
			defaultConfigurationIsVisible = 0;
			defaultConfigurationName = Release;
		};
		FABD33E72954483000943DD8 /* Build configuration list for PBXNativeTarget "StateAndBinding" */ = {
			isa = XCConfigurationList;
			buildConfigurations = (
				FABD33E82954483000943DD8 /* Debug */,
				FABD33E92954483000943DD8 /* Release */,
			);
			defaultConfigurationIsVisible = 0;
			defaultConfigurationName = Release;
		};
		FABD33EA2954483000943DD8 /* Build configuration list for PBXNativeTarget "StateAndBindingTests" */ = {
			isa = XCConfigurationList;
			buildConfigurations = (
				FABD33EB2954483000943DD8 /* Debug */,
				FABD33EC2954483000943DD8 /* Release */,
			);
			defaultConfigurationIsVisible = 0;
			defaultConfigurationName = Release;
		};
		FABD33ED2954483000943DD8 /* Build configuration list for PBXNativeTarget "StateAndBindingUITests" */ = {
			isa = XCConfigurationList;
			buildConfigurations = (
				FABD33EE2954483000943DD8 /* Debug */,
				FABD33EF2954483000943DD8 /* Release */,
			);
			defaultConfigurationIsVisible = 0;
			defaultConfigurationName = Release;
		};
/* End XCConfigurationList section */
	};
	rootObject = FABD33BB2954482E00943DD8 /* Project object */;
}
