// !$*UTF8*$!
{
	archiveVersion = 1;
	classes = {
	};
	objectVersion = 56;
	objects = {

/* Begin PBXBuildFile section */
		FAF2F9AF295976D7005EB7E8 /* ViewBuilderApp.swift in Sources */ = {isa = PBXBuildFile; fileRef = FAF2F9AE295976D7005EB7E8 /* ViewBuilderApp.swift */; };
		FAF2F9B1295976D7005EB7E8 /* ContentView.swift in Sources */ = {isa = PBXBuildFile; fileRef = FAF2F9B0295976D7005EB7E8 /* ContentView.swift */; };
		FAF2F9B3295976D9005EB7E8 /* Assets.xcassets in Resources */ = {isa = PBXBuildFile; fileRef = FAF2F9B2295976D9005EB7E8 /* Assets.xcassets */; };
		FAF2F9B6295976D9005EB7E8 /* Preview Assets.xcassets in Resources */ = {isa = PBXBuildFile; fileRef = FAF2F9B5295976D9005EB7E8 /* Preview Assets.xcassets */; };
		FAF2F9C0295976D9005EB7E8 /* ViewBuilderTests.swift in Sources */ = {isa = PBXBuildFile; fileRef = FAF2F9BF295976D9005EB7E8 /* ViewBuilderTests.swift */; };
		FAF2F9CA295976D9005EB7E8 /* ViewBuilderUITests.swift in Sources */ = {isa = PBXBuildFile; fileRef = FAF2F9C9295976D9005EB7E8 /* ViewBuilderUITests.swift */; };
		FAF2F9CC295976D9005EB7E8 /* ViewBuilderUITestsLaunchTests.swift in Sources */ = {isa = PBXBuildFile; fileRef = FAF2F9CB295976D9005EB7E8 /* ViewBuilderUITestsLaunchTests.swift */; };
/* End PBXBuildFile section */

/* Begin PBXContainerItemProxy section */
		FAF2F9BC295976D9005EB7E8 /* PBXContainerItemProxy */ = {
			isa = PBXContainerItemProxy;
			containerPortal = FAF2F9A3295976D7005EB7E8 /* Project object */;
			proxyType = 1;
			remoteGlobalIDString = FAF2F9AA295976D7005EB7E8;
			remoteInfo = ViewBuilder;
		};
		FAF2F9C6295976D9005EB7E8 /* PBXContainerItemProxy */ = {
			isa = PBXContainerItemProxy;
			containerPortal = FAF2F9A3295976D7005EB7E8 /* Project object */;
			proxyType = 1;
			remoteGlobalIDString = FAF2F9AA295976D7005EB7E8;
			remoteInfo = ViewBuilder;
		};
/* End PBXContainerItemProxy section */

/* Begin PBXFileReference section */
		FAF2F9AB295976D7005EB7E8 /* ViewBuilder.app */ = {isa = PBXFileReference; explicitFileType = wrapper.application; includeInIndex = 0; path = ViewBuilder.app; sourceTree = BUILT_PRODUCTS_DIR; };
		FAF2F9AE295976D7005EB7E8 /* ViewBuilderApp.swift */ = {isa = PBXFileReference; lastKnownFileType = sourcecode.swift; path = ViewBuilderApp.swift; sourceTree = "<group>"; };
		FAF2F9B0295976D7005EB7E8 /* ContentView.swift */ = {isa = PBXFileReference; lastKnownFileType = sourcecode.swift; path = ContentView.swift; sourceTree = "<group>"; };
		FAF2F9B2295976D9005EB7E8 /* Assets.xcassets */ = {isa = PBXFileReference; lastKnownFileType = folder.assetcatalog; path = Assets.xcassets; sourceTree = "<group>"; };
		FAF2F9B5295976D9005EB7E8 /* Preview Assets.xcassets */ = {isa = PBXFileReference; lastKnownFileType = folder.assetcatalog; path = "Preview Assets.xcassets"; sourceTree = "<group>"; };
		FAF2F9BB295976D9005EB7E8 /* ViewBuilderTests.xctest */ = {isa = PBXFileReference; explicitFileType = wrapper.cfbundle; includeInIndex = 0; path = ViewBuilderTests.xctest; sourceTree = BUILT_PRODUCTS_DIR; };
		FAF2F9BF295976D9005EB7E8 /* ViewBuilderTests.swift */ = {isa = PBXFileReference; lastKnownFileType = sourcecode.swift; path = ViewBuilderTests.swift; sourceTree = "<group>"; };
		FAF2F9C5295976D9005EB7E8 /* ViewBuilderUITests.xctest */ = {isa = PBXFileReference; explicitFileType = wrapper.cfbundle; includeInIndex = 0; path = ViewBuilderUITests.xctest; sourceTree = BUILT_PRODUCTS_DIR; };
		FAF2F9C9295976D9005EB7E8 /* ViewBuilderUITests.swift */ = {isa = PBXFileReference; lastKnownFileType = sourcecode.swift; path = ViewBuilderUITests.swift; sourceTree = "<group>"; };
		FAF2F9CB295976D9005EB7E8 /* ViewBuilderUITestsLaunchTests.swift */ = {isa = PBXFileReference; lastKnownFileType = sourcecode.swift; path = ViewBuilderUITestsLaunchTests.swift; sourceTree = "<group>"; };
/* End PBXFileReference section */

/* Begin PBXFrameworksBuildPhase section */
		FAF2F9A8295976D7005EB7E8 /* Frameworks */ = {
			isa = PBXFrameworksBuildPhase;
			buildActionMask = 2147483647;
			files = (
			);
			runOnlyForDeploymentPostprocessing = 0;
		};
		FAF2F9B8295976D9005EB7E8 /* Frameworks */ = {
			isa = PBXFrameworksBuildPhase;
			buildActionMask = 2147483647;
			files = (
			);
			runOnlyForDeploymentPostprocessing = 0;
		};
		FAF2F9C2295976D9005EB7E8 /* Frameworks */ = {
			isa = PBXFrameworksBuildPhase;
			buildActionMask = 2147483647;
			files = (
			);
			runOnlyForDeploymentPostprocessing = 0;
		};
/* End PBXFrameworksBuildPhase section */

/* Begin PBXGroup section */
		FAF2F9A2295976D7005EB7E8 = {
			isa = PBXGroup;
			children = (
				FAF2F9AD295976D7005EB7E8 /* ViewBuilder */,
				FAF2F9BE295976D9005EB7E8 /* ViewBuilderTests */,
				FAF2F9C8295976D9005EB7E8 /* ViewBuilderUITests */,
				FAF2F9AC295976D7005EB7E8 /* Products */,
			);
			sourceTree = "<group>";
		};
		FAF2F9AC295976D7005EB7E8 /* Products */ = {
			isa = PBXGroup;
			children = (
				FAF2F9AB295976D7005EB7E8 /* ViewBuilder.app */,
				FAF2F9BB295976D9005EB7E8 /* ViewBuilderTests.xctest */,
				FAF2F9C5295976D9005EB7E8 /* ViewBuilderUITests.xctest */,
			);
			name = Products;
			sourceTree = "<group>";
		};
		FAF2F9AD295976D7005EB7E8 /* ViewBuilder */ = {
			isa = PBXGroup;
			children = (
				FAF2F9AE295976D7005EB7E8 /* ViewBuilderApp.swift */,
				FAF2F9B0295976D7005EB7E8 /* ContentView.swift */,
				FAF2F9B2295976D9005EB7E8 /* Assets.xcassets */,
				FAF2F9B4295976D9005EB7E8 /* Preview Content */,
			);
			path = ViewBuilder;
			sourceTree = "<group>";
		};
		FAF2F9B4295976D9005EB7E8 /* Preview Content */ = {
			isa = PBXGroup;
			children = (
				FAF2F9B5295976D9005EB7E8 /* Preview Assets.xcassets */,
			);
			path = "Preview Content";
			sourceTree = "<group>";
		};
		FAF2F9BE295976D9005EB7E8 /* ViewBuilderTests */ = {
			isa = PBXGroup;
			children = (
				FAF2F9BF295976D9005EB7E8 /* ViewBuilderTests.swift */,
			);
			path = ViewBuilderTests;
			sourceTree = "<group>";
		};
		FAF2F9C8295976D9005EB7E8 /* ViewBuilderUITests */ = {
			isa = PBXGroup;
			children = (
				FAF2F9C9295976D9005EB7E8 /* ViewBuilderUITests.swift */,
				FAF2F9CB295976D9005EB7E8 /* ViewBuilderUITestsLaunchTests.swift */,
			);
			path = ViewBuilderUITests;
			sourceTree = "<group>";
		};
/* End PBXGroup section */

/* Begin PBXNativeTarget section */
		FAF2F9AA295976D7005EB7E8 /* ViewBuilder */ = {
			isa = PBXNativeTarget;
			buildConfigurationList = FAF2F9CF295976D9005EB7E8 /* Build configuration list for PBXNativeTarget "ViewBuilder" */;
			buildPhases = (
				FAF2F9A7295976D7005EB7E8 /* Sources */,
				FAF2F9A8295976D7005EB7E8 /* Frameworks */,
				FAF2F9A9295976D7005EB7E8 /* Resources */,
			);
			buildRules = (
			);
			dependencies = (
			);
			name = ViewBuilder;
			productName = ViewBuilder;
			productReference = FAF2F9AB295976D7005EB7E8 /* ViewBuilder.app */;
			productType = "com.apple.product-type.application";
		};
		FAF2F9BA295976D9005EB7E8 /* ViewBuilderTests */ = {
			isa = PBXNativeTarget;
			buildConfigurationList = FAF2F9D2295976D9005EB7E8 /* Build configuration list for PBXNativeTarget "ViewBuilderTests" */;
			buildPhases = (
				FAF2F9B7295976D9005EB7E8 /* Sources */,
				FAF2F9B8295976D9005EB7E8 /* Frameworks */,
				FAF2F9B9295976D9005EB7E8 /* Resources */,
			);
			buildRules = (
			);
			dependencies = (
				FAF2F9BD295976D9005EB7E8 /* PBXTargetDependency */,
			);
			name = ViewBuilderTests;
			productName = ViewBuilderTests;
			productReference = FAF2F9BB295976D9005EB7E8 /* ViewBuilderTests.xctest */;
			productType = "com.apple.product-type.bundle.unit-test";
		};
		FAF2F9C4295976D9005EB7E8 /* ViewBuilderUITests */ = {
			isa = PBXNativeTarget;
			buildConfigurationList = FAF2F9D5295976D9005EB7E8 /* Build configuration list for PBXNativeTarget "ViewBuilderUITests" */;
			buildPhases = (
				FAF2F9C1295976D9005EB7E8 /* Sources */,
				FAF2F9C2295976D9005EB7E8 /* Frameworks */,
				FAF2F9C3295976D9005EB7E8 /* Resources */,
			);
			buildRules = (
			);
			dependencies = (
				FAF2F9C7295976D9005EB7E8 /* PBXTargetDependency */,
			);
			name = ViewBuilderUITests;
			productName = ViewBuilderUITests;
			productReference = FAF2F9C5295976D9005EB7E8 /* ViewBuilderUITests.xctest */;
			productType = "com.apple.product-type.bundle.ui-testing";
		};
/* End PBXNativeTarget section */

/* Begin PBXProject section */
		FAF2F9A3295976D7005EB7E8 /* Project object */ = {
			isa = PBXProject;
			attributes = {
				BuildIndependentTargetsInParallel = 1;
				LastSwiftUpdateCheck = 1420;
				LastUpgradeCheck = 1420;
				TargetAttributes = {
					FAF2F9AA295976D7005EB7E8 = {
						CreatedOnToolsVersion = 14.2;
					};
					FAF2F9BA295976D9005EB7E8 = {
						CreatedOnToolsVersion = 14.2;
						TestTargetID = FAF2F9AA295976D7005EB7E8;
					};
					FAF2F9C4295976D9005EB7E8 = {
						CreatedOnToolsVersion = 14.2;
						TestTargetID = FAF2F9AA295976D7005EB7E8;
					};
				};
			};
			buildConfigurationList = FAF2F9A6295976D7005EB7E8 /* Build configuration list for PBXProject "ViewBuilder" */;
			compatibilityVersion = "Xcode 14.0";
			developmentRegion = en;
			hasScannedForEncodings = 0;
			knownRegions = (
				en,
				Base,
			);
			mainGroup = FAF2F9A2295976D7005EB7E8;
			productRefGroup = FAF2F9AC295976D7005EB7E8 /* Products */;
			projectDirPath = "";
			projectRoot = "";
			targets = (
				FAF2F9AA295976D7005EB7E8 /* ViewBuilder */,
				FAF2F9BA295976D9005EB7E8 /* ViewBuilderTests */,
				FAF2F9C4295976D9005EB7E8 /* ViewBuilderUITests */,
			);
		};
/* End PBXProject section */

/* Begin PBXResourcesBuildPhase section */
		FAF2F9A9295976D7005EB7E8 /* Resources */ = {
			isa = PBXResourcesBuildPhase;
			buildActionMask = 2147483647;
			files = (
				FAF2F9B6295976D9005EB7E8 /* Preview Assets.xcassets in Resources */,
				FAF2F9B3295976D9005EB7E8 /* Assets.xcassets in Resources */,
			);
			runOnlyForDeploymentPostprocessing = 0;
		};
		FAF2F9B9295976D9005EB7E8 /* Resources */ = {
			isa = PBXResourcesBuildPhase;
			buildActionMask = 2147483647;
			files = (
			);
			runOnlyForDeploymentPostprocessing = 0;
		};
		FAF2F9C3295976D9005EB7E8 /* Resources */ = {
			isa = PBXResourcesBuildPhase;
			buildActionMask = 2147483647;
			files = (
			);
			runOnlyForDeploymentPostprocessing = 0;
		};
/* End PBXResourcesBuildPhase section */

/* Begin PBXSourcesBuildPhase section */
		FAF2F9A7295976D7005EB7E8 /* Sources */ = {
			isa = PBXSourcesBuildPhase;
			buildActionMask = 2147483647;
			files = (
				FAF2F9B1295976D7005EB7E8 /* ContentView.swift in Sources */,
				FAF2F9AF295976D7005EB7E8 /* ViewBuilderApp.swift in Sources */,
			);
			runOnlyForDeploymentPostprocessing = 0;
		};
		FAF2F9B7295976D9005EB7E8 /* Sources */ = {
			isa = PBXSourcesBuildPhase;
			buildActionMask = 2147483647;
			files = (
				FAF2F9C0295976D9005EB7E8 /* ViewBuilderTests.swift in Sources */,
			);
			runOnlyForDeploymentPostprocessing = 0;
		};
		FAF2F9C1295976D9005EB7E8 /* Sources */ = {
			isa = PBXSourcesBuildPhase;
			buildActionMask = 2147483647;
			files = (
				FAF2F9CA295976D9005EB7E8 /* ViewBuilderUITests.swift in Sources */,
				FAF2F9CC295976D9005EB7E8 /* ViewBuilderUITestsLaunchTests.swift in Sources */,
			);
			runOnlyForDeploymentPostprocessing = 0;
		};
/* End PBXSourcesBuildPhase section */

/* Begin PBXTargetDependency section */
		FAF2F9BD295976D9005EB7E8 /* PBXTargetDependency */ = {
			isa = PBXTargetDependency;
			target = FAF2F9AA295976D7005EB7E8 /* ViewBuilder */;
			targetProxy = FAF2F9BC295976D9005EB7E8 /* PBXContainerItemProxy */;
		};
		FAF2F9C7295976D9005EB7E8 /* PBXTargetDependency */ = {
			isa = PBXTargetDependency;
			target = FAF2F9AA295976D7005EB7E8 /* ViewBuilder */;
			targetProxy = FAF2F9C6295976D9005EB7E8 /* PBXContainerItemProxy */;
		};
/* End PBXTargetDependency section */

/* Begin XCBuildConfiguration section */
		FAF2F9CD295976D9005EB7E8 /* Debug */ = {
			isa = XCBuildConfiguration;
			buildSettings = {
				ALWAYS_SEARCH_USER_PATHS = NO;
				CLANG_ANALYZER_NONNULL = YES;
				CLANG_ANALYZER_NUMBER_OBJECT_CONVERSION = YES_AGGRESSIVE;
				CLANG_CXX_LANGUAGE_STANDARD = "gnu++20";
				CLANG_ENABLE_MODULES = YES;
				CLANG_ENABLE_OBJC_ARC = YES;
				CLANG_ENABLE_OBJC_WEAK = YES;
				CLANG_WARN_BLOCK_CAPTURE_AUTORELEASING = YES;
				CLANG_WARN_BOOL_CONVERSION = YES;
				CLANG_WARN_COMMA = YES;
				CLANG_WARN_CONSTANT_CONVERSION = YES;
				CLANG_WARN_DEPRECATED_OBJC_IMPLEMENTATIONS = YES;
				CLANG_WARN_DIRECT_OBJC_ISA_USAGE = YES_ERROR;
				CLANG_WARN_DOCUMENTATION_COMMENTS = YES;
				CLANG_WARN_EMPTY_BODY = YES;
				CLANG_WARN_ENUM_CONVERSION = YES;
				CLANG_WARN_INFINITE_RECURSION = YES;
				CLANG_WARN_INT_CONVERSION = YES;
				CLANG_WARN_NON_LITERAL_NULL_CONVERSION = YES;
				CLANG_WARN_OBJC_IMPLICIT_RETAIN_SELF = YES;
				CLANG_WARN_OBJC_LITERAL_CONVERSION = YES;
				CLANG_WARN_OBJC_ROOT_CLASS = YES_ERROR;
				CLANG_WARN_QUOTED_INCLUDE_IN_FRAMEWORK_HEADER = YES;
				CLANG_WARN_RANGE_LOOP_ANALYSIS = YES;
				CLANG_WARN_STRICT_PROTOTYPES = YES;
				CLANG_WARN_SUSPICIOUS_MOVE = YES;
				CLANG_WARN_UNGUARDED_AVAILABILITY = YES_AGGRESSIVE;
				CLANG_WARN_UNREACHABLE_CODE = YES;
				CLANG_WARN__DUPLICATE_METHOD_MATCH = YES;
				COPY_PHASE_STRIP = NO;
				DEBUG_INFORMATION_FORMAT = dwarf;
				ENABLE_STRICT_OBJC_MSGSEND = YES;
				ENABLE_TESTABILITY = YES;
				GCC_C_LANGUAGE_STANDARD = gnu11;
				GCC_DYNAMIC_NO_PIC = NO;
				GCC_NO_COMMON_BLOCKS = YES;
				GCC_OPTIMIZATION_LEVEL = 0;
				GCC_PREPROCESSOR_DEFINITIONS = (
					"DEBUG=1",
					"$(inherited)",
				);
				GCC_WARN_64_TO_32_BIT_CONVERSION = YES;
				GCC_WARN_ABOUT_RETURN_TYPE = YES_ERROR;
				GCC_WARN_UNDECLARED_SELECTOR = YES;
				GCC_WARN_UNINITIALIZED_AUTOS = YES_AGGRESSIVE;
				GCC_WARN_UNUSED_FUNCTION = YES;
				GCC_WARN_UNUSED_VARIABLE = YES;
				IPHONEOS_DEPLOYMENT_TARGET = 16.2;
				MTL_ENABLE_DEBUG_INFO = INCLUDE_SOURCE;
				MTL_FAST_MATH = YES;
				ONLY_ACTIVE_ARCH = YES;
				SDKROOT = iphoneos;
				SWIFT_ACTIVE_COMPILATION_CONDITIONS = DEBUG;
				SWIFT_OPTIMIZATION_LEVEL = "-Onone";
			};
			name = Debug;
		};
		FAF2F9CE295976D9005EB7E8 /* Release */ = {
			isa = XCBuildConfiguration;
			buildSettings = {
				ALWAYS_SEARCH_USER_PATHS = NO;
				CLANG_ANALYZER_NONNULL = YES;
				CLANG_ANALYZER_NUMBER_OBJECT_CONVERSION = YES_AGGRESSIVE;
				CLANG_CXX_LANGUAGE_STANDARD = "gnu++20";
				CLANG_ENABLE_MODULES = YES;
				CLANG_ENABLE_OBJC_ARC = YES;
				CLANG_ENABLE_OBJC_WEAK = YES;
				CLANG_WARN_BLOCK_CAPTURE_AUTORELEASING = YES;
				CLANG_WARN_BOOL_CONVERSION = YES;
				CLANG_WARN_COMMA = YES;
				CLANG_WARN_CONSTANT_CONVERSION = YES;
				CLANG_WARN_DEPRECATED_OBJC_IMPLEMENTATIONS = YES;
				CLANG_WARN_DIRECT_OBJC_ISA_USAGE = YES_ERROR;
				CLANG_WARN_DOCUMENTATION_COMMENTS = YES;
				CLANG_WARN_EMPTY_BODY = YES;
				CLANG_WARN_ENUM_CONVERSION = YES;
				CLANG_WARN_INFINITE_RECURSION = YES;
				CLANG_WARN_INT_CONVERSION = YES;
				CLANG_WARN_NON_LITERAL_NULL_CONVERSION = YES;
				CLANG_WARN_OBJC_IMPLICIT_RETAIN_SELF = YES;
				CLANG_WARN_OBJC_LITERAL_CONVERSION = YES;
				CLANG_WARN_OBJC_ROOT_CLASS = YES_ERROR;
				CLANG_WARN_QUOTED_INCLUDE_IN_FRAMEWORK_HEADER = YES;
				CLANG_WARN_RANGE_LOOP_ANALYSIS = YES;
				CLANG_WARN_STRICT_PROTOTYPES = YES;
				CLANG_WARN_SUSPICIOUS_MOVE = YES;
				CLANG_WARN_UNGUARDED_AVAILABILITY = YES_AGGRESSIVE;
				CLANG_WARN_UNREACHABLE_CODE = YES;
				CLANG_WARN__DUPLICATE_METHOD_MATCH = YES;
				COPY_PHASE_STRIP = NO;
				DEBUG_INFORMATION_FORMAT = "dwarf-with-dsym";
				ENABLE_NS_ASSERTIONS = NO;
				ENABLE_STRICT_OBJC_MSGSEND = YES;
				GCC_C_LANGUAGE_STANDARD = gnu11;
				GCC_NO_COMMON_BLOCKS = YES;
				GCC_WARN_64_TO_32_BIT_CONVERSION = YES;
				GCC_WARN_ABOUT_RETURN_TYPE = YES_ERROR;
				GCC_WARN_UNDECLARED_SELECTOR = YES;
				GCC_WARN_UNINITIALIZED_AUTOS = YES_AGGRESSIVE;
				GCC_WARN_UNUSED_FUNCTION = YES;
				GCC_WARN_UNUSED_VARIABLE = YES;
				IPHONEOS_DEPLOYMENT_TARGET = 16.2;
				MTL_ENABLE_DEBUG_INFO = NO;
				MTL_FAST_MATH = YES;
				SDKROOT = iphoneos;
				SWIFT_COMPILATION_MODE = wholemodule;
				SWIFT_OPTIMIZATION_LEVEL = "-O";
				VALIDATE_PRODUCT = YES;
			};
			name = Release;
		};
		FAF2F9D0295976D9005EB7E8 /* Debug */ = {
			isa = XCBuildConfiguration;
			buildSettings = {
				ASSETCATALOG_COMPILER_APPICON_NAME = AppIcon;
				ASSETCATALOG_COMPILER_GLOBAL_ACCENT_COLOR_NAME = AccentColor;
				CODE_SIGN_STYLE = Automatic;
				CURRENT_PROJECT_VERSION = 1;
				DEVELOPMENT_ASSET_PATHS = "\"ViewBuilder/Preview Content\"";
				ENABLE_PREVIEWS = YES;
				GENERATE_INFOPLIST_FILE = YES;
				INFOPLIST_KEY_UIApplicationSceneManifest_Generation = YES;
				INFOPLIST_KEY_UIApplicationSupportsIndirectInputEvents = YES;
				INFOPLIST_KEY_UILaunchScreen_Generation = YES;
				INFOPLIST_KEY_UISupportedInterfaceOrientations_iPad = "UIInterfaceOrientationPortrait UIInterfaceOrientationPortraitUpsideDown UIInterfaceOrientationLandscapeLeft UIInterfaceOrientationLandscapeRight";
				INFOPLIST_KEY_UISupportedInterfaceOrientations_iPhone = "UIInterfaceOrientationPortrait UIInterfaceOrientationLandscapeLeft UIInterfaceOrientationLandscapeRight";
				LD_RUNPATH_SEARCH_PATHS = (
					"$(inherited)",
					"@executable_path/Frameworks",
				);
				MARKETING_VERSION = 1.0;
				PRODUCT_BUNDLE_IDENTIFIER = com..ViewBuilder;
				PRODUCT_NAME = "$(TARGET_NAME)";
				SWIFT_EMIT_LOC_STRINGS = YES;
				SWIFT_VERSION = 5.0;
				TARGETED_DEVICE_FAMILY = "1,2";
			};
			name = Debug;
		};
		FAF2F9D1295976D9005EB7E8 /* Release */ = {
			isa = XCBuildConfiguration;
			buildSettings = {
				ASSETCATALOG_COMPILER_APPICON_NAME = AppIcon;
				ASSETCATALOG_COMPILER_GLOBAL_ACCENT_COLOR_NAME = AccentColor;
				CODE_SIGN_STYLE = Automatic;
				CURRENT_PROJECT_VERSION = 1;
				DEVELOPMENT_ASSET_PATHS = "\"ViewBuilder/Preview Content\"";
				ENABLE_PREVIEWS = YES;
				GENERATE_INFOPLIST_FILE = YES;
				INFOPLIST_KEY_UIApplicationSceneManifest_Generation = YES;
				INFOPLIST_KEY_UIApplicationSupportsIndirectInputEvents = YES;
				INFOPLIST_KEY_UILaunchScreen_Generation = YES;
				INFOPLIST_KEY_UISupportedInterfaceOrientations_iPad = "UIInterfaceOrientationPortrait UIInterfaceOrientationPortraitUpsideDown UIInterfaceOrientationLandscapeLeft UIInterfaceOrientationLandscapeRight";
				INFOPLIST_KEY_UISupportedInterfaceOrientations_iPhone = "UIInterfaceOrientationPortrait UIInterfaceOrientationLandscapeLeft UIInterfaceOrientationLandscapeRight";
				LD_RUNPATH_SEARCH_PATHS = (
					"$(inherited)",
					"@executable_path/Frameworks",
				);
				MARKETING_VERSION = 1.0;
				PRODUCT_BUNDLE_IDENTIFIER = com..ViewBuilder;
				PRODUCT_NAME = "$(TARGET_NAME)";
				SWIFT_EMIT_LOC_STRINGS = YES;
				SWIFT_VERSION = 5.0;
				TARGETED_DEVICE_FAMILY = "1,2";
			};
			name = Release;
		};
		FAF2F9D3295976D9005EB7E8 /* Debug */ = {
			isa = XCBuildConfiguration;
			buildSettings = {
				ALWAYS_EMBED_SWIFT_STANDARD_LIBRARIES = YES;
				BUNDLE_LOADER = "$(TEST_HOST)";
				CODE_SIGN_STYLE = Automatic;
				CURRENT_PROJECT_VERSION = 1;
				GENERATE_INFOPLIST_FILE = YES;
				IPHONEOS_DEPLOYMENT_TARGET = 16.2;
				MARKETING_VERSION = 1.0;
				PRODUCT_BUNDLE_IDENTIFIER = com..ViewBuilderTests;
				PRODUCT_NAME = "$(TARGET_NAME)";
				SWIFT_EMIT_LOC_STRINGS = NO;
				SWIFT_VERSION = 5.0;
				TARGETED_DEVICE_FAMILY = "1,2";
				TEST_HOST = "$(BUILT_PRODUCTS_DIR)/ViewBuilder.app/$(BUNDLE_EXECUTABLE_FOLDER_PATH)/ViewBuilder";
			};
			name = Debug;
		};
		FAF2F9D4295976D9005EB7E8 /* Release */ = {
			isa = XCBuildConfiguration;
			buildSettings = {
				ALWAYS_EMBED_SWIFT_STANDARD_LIBRARIES = YES;
				BUNDLE_LOADER = "$(TEST_HOST)";
				CODE_SIGN_STYLE = Automatic;
				CURRENT_PROJECT_VERSION = 1;
				GENERATE_INFOPLIST_FILE = YES;
				IPHONEOS_DEPLOYMENT_TARGET = 16.2;
				MARKETING_VERSION = 1.0;
				PRODUCT_BUNDLE_IDENTIFIER = com..ViewBuilderTests;
				PRODUCT_NAME = "$(TARGET_NAME)";
				SWIFT_EMIT_LOC_STRINGS = NO;
				SWIFT_VERSION = 5.0;
				TARGETED_DEVICE_FAMILY = "1,2";
				TEST_HOST = "$(BUILT_PRODUCTS_DIR)/ViewBuilder.app/$(BUNDLE_EXECUTABLE_FOLDER_PATH)/ViewBuilder";
			};
			name = Release;
		};
		FAF2F9D6295976D9005EB7E8 /* Debug */ = {
			isa = XCBuildConfiguration;
			buildSettings = {
				ALWAYS_EMBED_SWIFT_STANDARD_LIBRARIES = YES;
				CODE_SIGN_STYLE = Automatic;
				CURRENT_PROJECT_VERSION = 1;
				GENERATE_INFOPLIST_FILE = YES;
				MARKETING_VERSION = 1.0;
				PRODUCT_BUNDLE_IDENTIFIER = com..ViewBuilderUITests;
				PRODUCT_NAME = "$(TARGET_NAME)";
				SWIFT_EMIT_LOC_STRINGS = NO;
				SWIFT_VERSION = 5.0;
				TARGETED_DEVICE_FAMILY = "1,2";
				TEST_TARGET_NAME = ViewBuilder;
			};
			name = Debug;
		};
		FAF2F9D7295976D9005EB7E8 /* Release */ = {
			isa = XCBuildConfiguration;
			buildSettings = {
				ALWAYS_EMBED_SWIFT_STANDARD_LIBRARIES = YES;
				CODE_SIGN_STYLE = Automatic;
				CURRENT_PROJECT_VERSION = 1;
				GENERATE_INFOPLIST_FILE = YES;
				MARKETING_VERSION = 1.0;
				PRODUCT_BUNDLE_IDENTIFIER = com..ViewBuilderUITests;
				PRODUCT_NAME = "$(TARGET_NAME)";
				SWIFT_EMIT_LOC_STRINGS = NO;
				SWIFT_VERSION = 5.0;
				TARGETED_DEVICE_FAMILY = "1,2";
				TEST_TARGET_NAME = ViewBuilder;
			};
			name = Release;
		};
/* End XCBuildConfiguration section */

/* Begin XCConfigurationList section */
		FAF2F9A6295976D7005EB7E8 /* Build configuration list for PBXProject "ViewBuilder" */ = {
			isa = XCConfigurationList;
			buildConfigurations = (
				FAF2F9CD295976D9005EB7E8 /* Debug */,
				FAF2F9CE295976D9005EB7E8 /* Release */,
			);
			defaultConfigurationIsVisible = 0;
			defaultConfigurationName = Release;
		};
		FAF2F9CF295976D9005EB7E8 /* Build configuration list for PBXNativeTarget "ViewBuilder" */ = {
			isa = XCConfigurationList;
			buildConfigurations = (
				FAF2F9D0295976D9005EB7E8 /* Debug */,
				FAF2F9D1295976D9005EB7E8 /* Release */,
			);
			defaultConfigurationIsVisible = 0;
			defaultConfigurationName = Release;
		};
		FAF2F9D2295976D9005EB7E8 /* Build configuration list for PBXNativeTarget "ViewBuilderTests" */ = {
			isa = XCConfigurationList;
			buildConfigurations = (
				FAF2F9D3295976D9005EB7E8 /* Debug */,
				FAF2F9D4295976D9005EB7E8 /* Release */,
			);
			defaultConfigurationIsVisible = 0;
			defaultConfigurationName = Release;
		};
		FAF2F9D5295976D9005EB7E8 /* Build configuration list for PBXNativeTarget "ViewBuilderUITests" */ = {
			isa = XCConfigurationList;
			buildConfigurations = (
				FAF2F9D6295976D9005EB7E8 /* Debug */,
				FAF2F9D7295976D9005EB7E8 /* Release */,
			);
			defaultConfigurationIsVisible = 0;
			defaultConfigurationName = Release;
		};
/* End XCConfigurationList section */
	};
	rootObject = FAF2F9A3295976D7005EB7E8 /* Project object */;
}
